
Microsoft Visual Studio Solution File, Format Version 12.00
# Visual Studio Version 16
VisualStudioVersion = 16.0.32106.194
MinimumVisualStudioVersion = 10.0.40219.1
Project("{9A19103F-16F7-4668-BE54-9A1E7A4F7556}") = "FurnitureAssemblyView", "FurnitureAssemblyView\FurnitureAssemblyView.csproj", "{5F39335A-9EB5-4901-A6C1-504531D8093C}"
EndProject
Project("{9A19103F-16F7-4668-BE54-9A1E7A4F7556}") = "FurnitureAssemblyContracts", "FurnitureAssemblyContracts\FurnitureAssemblyContracts.csproj", "{FD2510E2-55A4-454D-8DD2-8DBB8CBBC468}"
EndProject
Project("{9A19103F-16F7-4668-BE54-9A1E7A4F7556}") = "FurnitureAssemblyBusinessLogic", "FurnitureAssemblyBusinessLogic\FurnitureAssemblyBusinessLogic.csproj", "{9672528D-4685-46F4-B10E-BBB098E56932}"
EndProject
Project("{9A19103F-16F7-4668-BE54-9A1E7A4F7556}") = "FurnitureAssemblyListImplement", "FurnitureAssemblyListImplement\FurnitureAssemblyListImplement.csproj", "{CDE435DC-ED64-4482-AF5C-C7F0F2752BB0}"
EndProject
Project("{9A19103F-16F7-4668-BE54-9A1E7A4F7556}") = "FurnitureAssemblyFileImplement", "FurnitureAssemblyFileImplement\FurnitureAssemblyFileImplement.csproj", "{2D36BD9F-24C1-4FA9-AB5E-488F7EBACE66}"
EndProject
Global
	GlobalSection(SolutionConfigurationPlatforms) = preSolution
		Debug|Any CPU = Debug|Any CPU
		Release|Any CPU = Release|Any CPU
	EndGlobalSection
	GlobalSection(ProjectConfigurationPlatforms) = postSolution
		{5F39335A-9EB5-4901-A6C1-504531D8093C}.Debug|Any CPU.ActiveCfg = Debug|Any CPU
		{5F39335A-9EB5-4901-A6C1-504531D8093C}.Debug|Any CPU.Build.0 = Debug|Any CPU
		{5F39335A-9EB5-4901-A6C1-504531D8093C}.Release|Any CPU.ActiveCfg = Release|Any CPU
		{5F39335A-9EB5-4901-A6C1-504531D8093C}.Release|Any CPU.Build.0 = Release|Any CPU
		{FD2510E2-55A4-454D-8DD2-8DBB8CBBC468}.Debug|Any CPU.ActiveCfg = Debug|Any CPU
		{FD2510E2-55A4-454D-8DD2-8DBB8CBBC468}.Debug|Any CPU.Build.0 = Debug|Any CPU
		{FD2510E2-55A4-454D-8DD2-8DBB8CBBC468}.Release|Any CPU.ActiveCfg = Release|Any CPU
		{FD2510E2-55A4-454D-8DD2-8DBB8CBBC468}.Release|Any CPU.Build.0 = Release|Any CPU
		{9672528D-4685-46F4-B10E-BBB098E56932}.Debug|Any CPU.ActiveCfg = Debug|Any CPU
		{9672528D-4685-46F4-B10E-BBB098E56932}.Debug|Any CPU.Build.0 = Debug|Any CPU
		{9672528D-4685-46F4-B10E-BBB098E56932}.Release|Any CPU.ActiveCfg = Release|Any CPU
		{9672528D-4685-46F4-B10E-BBB098E56932}.Release|Any CPU.Build.0 = Release|Any CPU
		{CDE435DC-ED64-4482-AF5C-C7F0F2752BB0}.Debug|Any CPU.ActiveCfg = Debug|Any CPU
		{CDE435DC-ED64-4482-AF5C-C7F0F2752BB0}.Debug|Any CPU.Build.0 = Debug|Any CPU
		{CDE435DC-ED64-4482-AF5C-C7F0F2752BB0}.Release|Any CPU.ActiveCfg = Release|Any CPU
		{CDE435DC-ED64-4482-AF5C-C7F0F2752BB0}.Release|Any CPU.Build.0 = Release|Any CPU
		{2D36BD9F-24C1-4FA9-AB5E-488F7EBACE66}.Debug|Any CPU.ActiveCfg = Debug|Any CPU
		{2D36BD9F-24C1-4FA9-AB5E-488F7EBACE66}.Debug|Any CPU.Build.0 = Debug|Any CPU
		{2D36BD9F-24C1-4FA9-AB5E-488F7EBACE66}.Release|Any CPU.ActiveCfg = Release|Any CPU
		{2D36BD9F-24C1-4FA9-AB5E-488F7EBACE66}.Release|Any CPU.Build.0 = Release|Any CPU
	EndGlobalSection
	GlobalSection(SolutionProperties) = preSolution
		HideSolutionNode = FALSE
	EndGlobalSection
	GlobalSection(ExtensibilityGlobals) = postSolution
		SolutionGuid = {7138DADE-0F5E-4F85-AC64-7EBE91179632}
	EndGlobalSection
EndGlobal
